
Microsoft Visual Studio Solution File, Format Version 12.00
# Visual Studio Version 17
VisualStudioVersion = 17.3.32929.385
MinimumVisualStudioVersion = 10.0.40219.1
Project("{9A19103F-16F7-4668-BE54-9A1E7A4F7556}") = "Yaz0Library", "src\Yaz0Library.csproj", "{570D02E7-6054-4451-B597-A260F617C509}"
EndProject
Project("{9A19103F-16F7-4668-BE54-9A1E7A4F7556}") = "Tests", "tests\Tests.csproj", "{6975E1D3-E675-4103-9ED7-E61AB86DAE24}"
EndProject
Global
	GlobalSection(SolutionConfigurationPlatforms) = preSolution
		Debug|Any CPU = Debug|Any CPU
		Release|Any CPU = Release|Any CPU
	EndGlobalSection
	GlobalSection(ProjectConfigurationPlatforms) = postSolution
		{570D02E7-6054-4451-B597-A260F617C509}.Debug|Any CPU.ActiveCfg = Debug|Any CPU
		{570D02E7-6054-4451-B597-A260F617C509}.Debug|Any CPU.Build.0 = Debug|Any CPU
		{570D02E7-6054-4451-B597-A260F617C509}.Release|Any CPU.ActiveCfg = Release|Any CPU
		{570D02E7-6054-4451-B597-A260F617C509}.Release|Any CPU.Build.0 = Release|Any CPU
		{6975E1D3-E675-4103-9ED7-E61AB86DAE24}.Debug|Any CPU.ActiveCfg = Debug|Any CPU
		{6975E1D3-E675-4103-9ED7-E61AB86DAE24}.Debug|Any CPU.Build.0 = Debug|Any CPU
		{6975E1D3-E675-4103-9ED7-E61AB86DAE24}.Release|Any CPU.ActiveCfg = Release|Any CPU
		{6975E1D3-E675-4103-9ED7-E61AB86DAE24}.Release|Any CPU.Build.0 = Release|Any CPU
	EndGlobalSection
	GlobalSection(SolutionProperties) = preSolution
		HideSolutionNode = FALSE
	EndGlobalSection
	GlobalSection(ExtensibilityGlobals) = postSolution
		SolutionGuid = {84541CF3-226B-4D16-915E-976AFB7336DA}
	EndGlobalSection
EndGlobal
